// !$*UTF8*$!
{
	archiveVersion = 1;
	classes = {
	};
	objectVersion = 46;
	objects = {

/* Begin PBXBuildFile section */
		C548352F87FF49EC9917F823 /* libPods.a in Frameworks */ = {isa = PBXBuildFile; fileRef = 0027CA2A38FA4D0BA46B33E1 /* libPods.a */; };
		D45E0E11166E7D08003CDFD7 /* total-background.png in Resources */ = {isa = PBXBuildFile; fileRef = D45E0E10166E7D08003CDFD7 /* total-background.png */; };
		D46D3AA2166CF606000BB30B /* UIKit.framework in Frameworks */ = {isa = PBXBuildFile; fileRef = D46D3AA1166CF606000BB30B /* UIKit.framework */; };
		D46D3AA4166CF606000BB30B /* Foundation.framework in Frameworks */ = {isa = PBXBuildFile; fileRef = D46D3AA3166CF606000BB30B /* Foundation.framework */; };
		D46D3AA6166CF606000BB30B /* CoreGraphics.framework in Frameworks */ = {isa = PBXBuildFile; fileRef = D46D3AA5166CF606000BB30B /* CoreGraphics.framework */; };
		D46D3AA8166CF606000BB30B /* CoreData.framework in Frameworks */ = {isa = PBXBuildFile; fileRef = D46D3AA7166CF606000BB30B /* CoreData.framework */; };
		D46D3AAE166CF606000BB30B /* InfoPlist.strings in Resources */ = {isa = PBXBuildFile; fileRef = D46D3AAC166CF606000BB30B /* InfoPlist.strings */; };
		D46D3AB0166CF606000BB30B /* main.m in Sources */ = {isa = PBXBuildFile; fileRef = D46D3AAF166CF606000BB30B /* main.m */; };
		D46D3AB4166CF606000BB30B /* MIAppDelegate.m in Sources */ = {isa = PBXBuildFile; fileRef = D46D3AB3166CF606000BB30B /* MIAppDelegate.m */; };
		D46D3AB6166CF606000BB30B /* Default.png in Resources */ = {isa = PBXBuildFile; fileRef = D46D3AB5166CF606000BB30B /* Default.png */; };
		D46D3AB8166CF606000BB30B /* Default@2x.png in Resources */ = {isa = PBXBuildFile; fileRef = D46D3AB7166CF606000BB30B /* Default@2x.png */; };
		D46D3ABA166CF606000BB30B /* Default-568h@2x.png in Resources */ = {isa = PBXBuildFile; fileRef = D46D3AB9166CF606000BB30B /* Default-568h@2x.png */; };
		D46D3ABD166CF606000BB30B /* eRacun.xcdatamodeld in Sources */ = {isa = PBXBuildFile; fileRef = D46D3ABB166CF606000BB30B /* eRacun.xcdatamodeld */; };
		D46D3ACF166CFD90000BB30B /* QuartzCore.framework in Frameworks */ = {isa = PBXBuildFile; fileRef = D46D3ACE166CFD90000BB30B /* QuartzCore.framework */; };
		D46D3AE9166D1ABC000BB30B /* Main.storyboard in Resources */ = {isa = PBXBuildFile; fileRef = D46D3AE7166D1ABC000BB30B /* Main.storyboard */; };
		D46D3AED166D1B7C000BB30B /* login_button.png in Resources */ = {isa = PBXBuildFile; fileRef = D46D3AEB166D1B7C000BB30B /* login_button.png */; };
		D46D3AEE166D1B7C000BB30B /* login_input_bg.png in Resources */ = {isa = PBXBuildFile; fileRef = D46D3AEC166D1B7C000BB30B /* login_input_bg.png */; };
		D46D3AF1166D1C4D000BB30B /* MILoginViewController.m in Sources */ = {isa = PBXBuildFile; fileRef = D46D3AF0166D1C4D000BB30B /* MILoginViewController.m */; };
		D46D3AF4166D23B1000BB30B /* MIMainViewController.m in Sources */ = {isa = PBXBuildFile; fileRef = D46D3AF3166D23B1000BB30B /* MIMainViewController.m */; };
		D46D3AF6166D2498000BB30B /* ButtonMenu.png in Resources */ = {isa = PBXBuildFile; fileRef = D46D3AF5166D2498000BB30B /* ButtonMenu.png */; };
		D46D3AF8166D24A4000BB30B /* ButtonMenu@2x.png in Resources */ = {isa = PBXBuildFile; fileRef = D46D3AF7166D24A4000BB30B /* ButtonMenu@2x.png */; };
		D46D3AFE166D2A3C000BB30B /* MIInitialViewController.m in Sources */ = {isa = PBXBuildFile; fileRef = D46D3AFD166D2A3C000BB30B /* MIInitialViewController.m */; };
		D4AD232F1670653F00F21E96 /* Bill.m in Sources */ = {isa = PBXBuildFile; fileRef = D4AD232E1670653F00F21E96 /* Bill.m */; };
		D4AD23321670653F00F21E96 /* BillItem.m in Sources */ = {isa = PBXBuildFile; fileRef = D4AD23311670653F00F21E96 /* BillItem.m */; };
		D4AD23351670653F00F21E96 /* Product.m in Sources */ = {isa = PBXBuildFile; fileRef = D4AD23341670653F00F21E96 /* Product.m */; };
		D4AD233816708F3B00F21E96 /* eRacun.png in Resources */ = {isa = PBXBuildFile; fileRef = D4AD233616708F3B00F21E96 /* eRacun.png */; };
		D4AD233916708F3B00F21E96 /* eRacun@2x.png in Resources */ = {isa = PBXBuildFile; fileRef = D4AD233716708F3B00F21E96 /* eRacun@2x.png */; };
		D4AD234016708FEB00F21E96 /* cell_bg.png in Resources */ = {isa = PBXBuildFile; fileRef = D4AD233E16708FEB00F21E96 /* cell_bg.png */; };
		D4AD234116708FEB00F21E96 /* total_bg.png in Resources */ = {isa = PBXBuildFile; fileRef = D4AD233F16708FEB00F21E96 /* total_bg.png */; };
		D4AD234316709AA200F21E96 /* nav_bg.png in Resources */ = {isa = PBXBuildFile; fileRef = D4AD234216709AA200F21E96 /* nav_bg.png */; };
		D4AD234B1671004000F21E96 /* gear.png in Resources */ = {isa = PBXBuildFile; fileRef = D4AD23491671004000F21E96 /* gear.png */; };
		D4AD234C1671004000F21E96 /* gear@2x.png in Resources */ = {isa = PBXBuildFile; fileRef = D4AD234A1671004000F21E96 /* gear@2x.png */; };
		D4AD234F1671032000F21E96 /* MISettingsViewController.m in Sources */ = {isa = PBXBuildFile; fileRef = D4AD234E1671032000F21E96 /* MISettingsViewController.m */; };
/* End PBXBuildFile section */

/* Begin PBXFileReference section */
		0027CA2A38FA4D0BA46B33E1 /* libPods.a */ = {isa = PBXFileReference; explicitFileType = archive.ar; includeInIndex = 0; path = libPods.a; sourceTree = BUILT_PRODUCTS_DIR; };
		216F4CC40EF5419DA3CACF90 /* Pods.xcconfig */ = {isa = PBXFileReference; includeInIndex = 1; lastKnownFileType = text.xcconfig; name = Pods.xcconfig; path = Pods/Pods.xcconfig; sourceTree = SOURCE_ROOT; };
		D45E0E10166E7D08003CDFD7 /* total-background.png */ = {isa = PBXFileReference; lastKnownFileType = image.png; path = "total-background.png"; sourceTree = "<group>"; };
		D46D3A9D166CF606000BB30B /* eRacun.app */ = {isa = PBXFileReference; explicitFileType = wrapper.application; includeInIndex = 0; path = eRacun.app; sourceTree = BUILT_PRODUCTS_DIR; };
		D46D3AA1166CF606000BB30B /* UIKit.framework */ = {isa = PBXFileReference; lastKnownFileType = wrapper.framework; name = UIKit.framework; path = System/Library/Frameworks/UIKit.framework; sourceTree = SDKROOT; };
		D46D3AA3166CF606000BB30B /* Foundation.framework */ = {isa = PBXFileReference; lastKnownFileType = wrapper.framework; name = Foundation.framework; path = System/Library/Frameworks/Foundation.framework; sourceTree = SDKROOT; };
		D46D3AA5166CF606000BB30B /* CoreGraphics.framework */ = {isa = PBXFileReference; lastKnownFileType = wrapper.framework; name = CoreGraphics.framework; path = System/Library/Frameworks/CoreGraphics.framework; sourceTree = SDKROOT; };
		D46D3AA7166CF606000BB30B /* CoreData.framework */ = {isa = PBXFileReference; lastKnownFileType = wrapper.framework; name = CoreData.framework; path = System/Library/Frameworks/CoreData.framework; sourceTree = SDKROOT; };
		D46D3AAB166CF606000BB30B /* eRacun-Info.plist */ = {isa = PBXFileReference; lastKnownFileType = text.plist.xml; path = "eRacun-Info.plist"; sourceTree = "<group>"; };
		D46D3AAD166CF606000BB30B /* en */ = {isa = PBXFileReference; lastKnownFileType = text.plist.strings; name = en; path = en.lproj/InfoPlist.strings; sourceTree = "<group>"; };
		D46D3AAF166CF606000BB30B /* main.m */ = {isa = PBXFileReference; lastKnownFileType = sourcecode.c.objc; path = main.m; sourceTree = "<group>"; };
		D46D3AB1166CF606000BB30B /* eRacun-Prefix.pch */ = {isa = PBXFileReference; lastKnownFileType = sourcecode.c.h; path = "eRacun-Prefix.pch"; sourceTree = "<group>"; };
		D46D3AB2166CF606000BB30B /* MIAppDelegate.h */ = {isa = PBXFileReference; lastKnownFileType = sourcecode.c.h; path = MIAppDelegate.h; sourceTree = "<group>"; };
		D46D3AB3166CF606000BB30B /* MIAppDelegate.m */ = {isa = PBXFileReference; lastKnownFileType = sourcecode.c.objc; path = MIAppDelegate.m; sourceTree = "<group>"; };
		D46D3AB5166CF606000BB30B /* Default.png */ = {isa = PBXFileReference; lastKnownFileType = image.png; path = Default.png; sourceTree = "<group>"; };
		D46D3AB7166CF606000BB30B /* Default@2x.png */ = {isa = PBXFileReference; lastKnownFileType = image.png; path = "Default@2x.png"; sourceTree = "<group>"; };
		D46D3AB9166CF606000BB30B /* Default-568h@2x.png */ = {isa = PBXFileReference; lastKnownFileType = image.png; path = "Default-568h@2x.png"; sourceTree = "<group>"; };
		D46D3ABC166CF606000BB30B /* eRacun.xcdatamodel */ = {isa = PBXFileReference; lastKnownFileType = wrapper.xcdatamodel; path = eRacun.xcdatamodel; sourceTree = "<group>"; };
		D46D3ACE166CFD90000BB30B /* QuartzCore.framework */ = {isa = PBXFileReference; lastKnownFileType = wrapper.framework; name = QuartzCore.framework; path = System/Library/Frameworks/QuartzCore.framework; sourceTree = SDKROOT; };
		D46D3AE8166D1ABC000BB30B /* en */ = {isa = PBXFileReference; lastKnownFileType = file.storyboard; name = en; path = en.lproj/Main.storyboard; sourceTree = "<group>"; };
		D46D3AEB166D1B7C000BB30B /* login_button.png */ = {isa = PBXFileReference; lastKnownFileType = image.png; path = login_button.png; sourceTree = "<group>"; };
		D46D3AEC166D1B7C000BB30B /* login_input_bg.png */ = {isa = PBXFileReference; lastKnownFileType = image.png; path = login_input_bg.png; sourceTree = "<group>"; };
		D46D3AEF166D1C4D000BB30B /* MILoginViewController.h */ = {isa = PBXFileReference; fileEncoding = 4; lastKnownFileType = sourcecode.c.h; path = MILoginViewController.h; sourceTree = "<group>"; };
		D46D3AF0166D1C4D000BB30B /* MILoginViewController.m */ = {isa = PBXFileReference; fileEncoding = 4; lastKnownFileType = sourcecode.c.objc; path = MILoginViewController.m; sourceTree = "<group>"; };
		D46D3AF2166D23B1000BB30B /* MIMainViewController.h */ = {isa = PBXFileReference; fileEncoding = 4; lastKnownFileType = sourcecode.c.h; path = MIMainViewController.h; sourceTree = "<group>"; };
		D46D3AF3166D23B1000BB30B /* MIMainViewController.m */ = {isa = PBXFileReference; fileEncoding = 4; lastKnownFileType = sourcecode.c.objc; path = MIMainViewController.m; sourceTree = "<group>"; };
		D46D3AF5166D2498000BB30B /* ButtonMenu.png */ = {isa = PBXFileReference; lastKnownFileType = image.png; path = ButtonMenu.png; sourceTree = "<group>"; };
		D46D3AF7166D24A4000BB30B /* ButtonMenu@2x.png */ = {isa = PBXFileReference; lastKnownFileType = image.png; path = "ButtonMenu@2x.png"; sourceTree = "<group>"; };
		D46D3AFC166D2A3C000BB30B /* MIInitialViewController.h */ = {isa = PBXFileReference; fileEncoding = 4; lastKnownFileType = sourcecode.c.h; path = MIInitialViewController.h; sourceTree = "<group>"; };
		D46D3AFD166D2A3C000BB30B /* MIInitialViewController.m */ = {isa = PBXFileReference; fileEncoding = 4; lastKnownFileType = sourcecode.c.objc; path = MIInitialViewController.m; sourceTree = "<group>"; };
		D4AD232D1670653F00F21E96 /* Bill.h */ = {isa = PBXFileReference; fileEncoding = 4; lastKnownFileType = sourcecode.c.h; path = Bill.h; sourceTree = "<group>"; };
		D4AD232E1670653F00F21E96 /* Bill.m */ = {isa = PBXFileReference; fileEncoding = 4; lastKnownFileType = sourcecode.c.objc; path = Bill.m; sourceTree = "<group>"; };
		D4AD23301670653F00F21E96 /* BillItem.h */ = {isa = PBXFileReference; fileEncoding = 4; lastKnownFileType = sourcecode.c.h; path = BillItem.h; sourceTree = "<group>"; };
		D4AD23311670653F00F21E96 /* BillItem.m */ = {isa = PBXFileReference; fileEncoding = 4; lastKnownFileType = sourcecode.c.objc; path = BillItem.m; sourceTree = "<group>"; };
		D4AD23331670653F00F21E96 /* Product.h */ = {isa = PBXFileReference; fileEncoding = 4; lastKnownFileType = sourcecode.c.h; path = Product.h; sourceTree = "<group>"; };
		D4AD23341670653F00F21E96 /* Product.m */ = {isa = PBXFileReference; fileEncoding = 4; lastKnownFileType = sourcecode.c.objc; path = Product.m; sourceTree = "<group>"; };
		D4AD233616708F3B00F21E96 /* eRacun.png */ = {isa = PBXFileReference; lastKnownFileType = image.png; path = eRacun.png; sourceTree = "<group>"; };
		D4AD233716708F3B00F21E96 /* eRacun@2x.png */ = {isa = PBXFileReference; lastKnownFileType = image.png; path = "eRacun@2x.png"; sourceTree = "<group>"; };
		D4AD233A16708FBA00F21E96 /* eRacun.png */ = {isa = PBXFileReference; lastKnownFileType = image.png; path = eRacun.png; sourceTree = "<group>"; };
		D4AD233C16708FC400F21E96 /* eRacun@2x.png */ = {isa = PBXFileReference; lastKnownFileType = image.png; path = "eRacun@2x.png"; sourceTree = "<group>"; };
		D4AD233E16708FEB00F21E96 /* cell_bg.png */ = {isa = PBXFileReference; lastKnownFileType = image.png; path = cell_bg.png; sourceTree = "<group>"; };
		D4AD233F16708FEB00F21E96 /* total_bg.png */ = {isa = PBXFileReference; lastKnownFileType = image.png; path = total_bg.png; sourceTree = "<group>"; };
		D4AD234216709AA200F21E96 /* nav_bg.png */ = {isa = PBXFileReference; lastKnownFileType = image.png; path = nav_bg.png; sourceTree = "<group>"; };
		D4AD23491671004000F21E96 /* gear.png */ = {isa = PBXFileReference; lastKnownFileType = image.png; path = gear.png; sourceTree = "<group>"; };
		D4AD234A1671004000F21E96 /* gear@2x.png */ = {isa = PBXFileReference; lastKnownFileType = image.png; path = "gear@2x.png"; sourceTree = "<group>"; };
		D4AD234D1671032000F21E96 /* MISettingsViewController.h */ = {isa = PBXFileReference; fileEncoding = 4; lastKnownFileType = sourcecode.c.h; path = MISettingsViewController.h; sourceTree = "<group>"; };
		D4AD234E1671032000F21E96 /* MISettingsViewController.m */ = {isa = PBXFileReference; fileEncoding = 4; lastKnownFileType = sourcecode.c.objc; path = MISettingsViewController.m; sourceTree = "<group>"; };
/* End PBXFileReference section */

/* Begin PBXFrameworksBuildPhase section */
		D46D3A9A166CF606000BB30B /* Frameworks */ = {
			isa = PBXFrameworksBuildPhase;
			buildActionMask = 2147483647;
			files = (
				D46D3ACF166CFD90000BB30B /* QuartzCore.framework in Frameworks */,
				D46D3AA2166CF606000BB30B /* UIKit.framework in Frameworks */,
				D46D3AA4166CF606000BB30B /* Foundation.framework in Frameworks */,
				D46D3AA6166CF606000BB30B /* CoreGraphics.framework in Frameworks */,
				D46D3AA8166CF606000BB30B /* CoreData.framework in Frameworks */,
				C548352F87FF49EC9917F823 /* libPods.a in Frameworks */,
			);
			runOnlyForDeploymentPostprocessing = 0;
		};
/* End PBXFrameworksBuildPhase section */

/* Begin PBXGroup section */
		D46D3A92166CF606000BB30B = {
			isa = PBXGroup;
			children = (
				D4AD233C16708FC400F21E96 /* eRacun@2x.png */,
				D4AD233A16708FBA00F21E96 /* eRacun.png */,
				D46D3AA9166CF606000BB30B /* eRacun */,
				D46D3AA0166CF606000BB30B /* Frameworks */,
				D46D3A9E166CF606000BB30B /* Products */,
				216F4CC40EF5419DA3CACF90 /* Pods.xcconfig */,
			);
			sourceTree = "<group>";
			wrapsLines = 1;
		};
		D46D3A9E166CF606000BB30B /* Products */ = {
			isa = PBXGroup;
			children = (
				D46D3A9D166CF606000BB30B /* eRacun.app */,
			);
			name = Products;
			sourceTree = "<group>";
		};
		D46D3AA0166CF606000BB30B /* Frameworks */ = {
			isa = PBXGroup;
			children = (
				D46D3ACE166CFD90000BB30B /* QuartzCore.framework */,
				D46D3AA1166CF606000BB30B /* UIKit.framework */,
				D46D3AA3166CF606000BB30B /* Foundation.framework */,
				D46D3AA5166CF606000BB30B /* CoreGraphics.framework */,
				D46D3AA7166CF606000BB30B /* CoreData.framework */,
				0027CA2A38FA4D0BA46B33E1 /* libPods.a */,
			);
			name = Frameworks;
			sourceTree = "<group>";
		};
		D46D3AA9166CF606000BB30B /* eRacun */ = {
			isa = PBXGroup;
			children = (
				D46D3ADA166CFEA7000BB30B /* View Controllers */,
				D46D3AB2166CF606000BB30B /* MIAppDelegate.h */,
				D46D3AB3166CF606000BB30B /* MIAppDelegate.m */,
				D46D3AD9166CFE93000BB30B /* Core Data */,
				D46D3AAA166CF606000BB30B /* Supporting Files */,
			);
			path = eRacun;
			sourceTree = "<group>";
		};
		D46D3AAA166CF606000BB30B /* Supporting Files */ = {
			isa = PBXGroup;
			children = (
				D46D3AE7166D1ABC000BB30B /* Main.storyboard */,
				D46D3AEA166D1B43000BB30B /* images */,
				D46D3AAB166CF606000BB30B /* eRacun-Info.plist */,
				D46D3AAC166CF606000BB30B /* InfoPlist.strings */,
				D46D3AAF166CF606000BB30B /* main.m */,
				D46D3AB1166CF606000BB30B /* eRacun-Prefix.pch */,
				D46D3AB5166CF606000BB30B /* Default.png */,
				D4AD233616708F3B00F21E96 /* eRacun.png */,
				D4AD233716708F3B00F21E96 /* eRacun@2x.png */,
				D46D3AB7166CF606000BB30B /* Default@2x.png */,
				D46D3AB9166CF606000BB30B /* Default-568h@2x.png */,
			);
			name = "Supporting Files";
			sourceTree = "<group>";
		};
		D46D3AD9166CFE93000BB30B /* Core Data */ = {
			isa = PBXGroup;
			children = (
				D46D3ABB166CF606000BB30B /* eRacun.xcdatamodeld */,
				D4AD23331670653F00F21E96 /* Product.h */,
				D4AD23341670653F00F21E96 /* Product.m */,
				D4AD23301670653F00F21E96 /* BillItem.h */,
				D4AD23311670653F00F21E96 /* BillItem.m */,
				D4AD232D1670653F00F21E96 /* Bill.h */,
				D4AD232E1670653F00F21E96 /* Bill.m */,
			);
			name = "Core Data";
			sourceTree = "<group>";
		};
		D46D3ADA166CFEA7000BB30B /* View Controllers */ = {
			isa = PBXGroup;
			children = (
				D46D3AEF166D1C4D000BB30B /* MILoginViewController.h */,
				D46D3AF0166D1C4D000BB30B /* MILoginViewController.m */,
				D46D3AF2166D23B1000BB30B /* MIMainViewController.h */,
				D46D3AF3166D23B1000BB30B /* MIMainViewController.m */,
				D46D3AFC166D2A3C000BB30B /* MIInitialViewController.h */,
				D46D3AFD166D2A3C000BB30B /* MIInitialViewController.m */,
				D4AD234D1671032000F21E96 /* MISettingsViewController.h */,
				D4AD234E1671032000F21E96 /* MISettingsViewController.m */,
			);
			name = "View Controllers";
			sourceTree = "<group>";
		};
		D46D3AEA166D1B43000BB30B /* images */ = {
			isa = PBXGroup;
			children = (
				D45E0E10166E7D08003CDFD7 /* total-background.png */,
				D46D3AF5166D2498000BB30B /* ButtonMenu.png */,
				D46D3AF7166D24A4000BB30B /* ButtonMenu@2x.png */,
				D4AD233E16708FEB00F21E96 /* cell_bg.png */,
				D4AD234216709AA200F21E96 /* nav_bg.png */,
				D4AD23491671004000F21E96 /* gear.png */,
				D4AD234A1671004000F21E96 /* gear@2x.png */,
				D4AD233F16708FEB00F21E96 /* total_bg.png */,
				D46D3AEB166D1B7C000BB30B /* login_button.png */,
				D46D3AEC166D1B7C000BB30B /* login_input_bg.png */,
			);
			name = images;
			sourceTree = "<group>";
		};
/* End PBXGroup section */

/* Begin PBXNativeTarget section */
		D46D3A9C166CF606000BB30B /* eRacun */ = {
			isa = PBXNativeTarget;
			buildConfigurationList = D46D3AC0166CF606000BB30B /* Build configuration list for PBXNativeTarget "eRacun" */;
			buildPhases = (
				D46D3A99166CF606000BB30B /* Sources */,
				D46D3A9A166CF606000BB30B /* Frameworks */,
				D46D3A9B166CF606000BB30B /* Resources */,
				5871E9A808CD4AA09A7E57F5 /* Copy Pods Resources */,
			);
			buildRules = (
			);
			dependencies = (
			);
			name = eRacun;
			productName = eRacun;
			productReference = D46D3A9D166CF606000BB30B /* eRacun.app */;
			productType = "com.apple.product-type.application";
		};
/* End PBXNativeTarget section */

/* Begin PBXProject section */
		D46D3A94166CF606000BB30B /* Project object */ = {
			isa = PBXProject;
			attributes = {
				CLASSPREFIX = MI;
				LastUpgradeCheck = 0450;
				ORGANIZATIONNAME = Metaintellect;
			};
			buildConfigurationList = D46D3A97166CF606000BB30B /* Build configuration list for PBXProject "eRacun" */;
			compatibilityVersion = "Xcode 3.2";
			developmentRegion = English;
			hasScannedForEncodings = 0;
			knownRegions = (
				en,
			);
			mainGroup = D46D3A92166CF606000BB30B;
			productRefGroup = D46D3A9E166CF606000BB30B /* Products */;
			projectDirPath = "";
			projectRoot = "";
			targets = (
				D46D3A9C166CF606000BB30B /* eRacun */,
			);
		};
/* End PBXProject section */

/* Begin PBXResourcesBuildPhase section */
		D46D3A9B166CF606000BB30B /* Resources */ = {
			isa = PBXResourcesBuildPhase;
			buildActionMask = 2147483647;
			files = (
				D46D3AAE166CF606000BB30B /* InfoPlist.strings in Resources */,
				D46D3AB6166CF606000BB30B /* Default.png in Resources */,
				D46D3AB8166CF606000BB30B /* Default@2x.png in Resources */,
				D46D3ABA166CF606000BB30B /* Default-568h@2x.png in Resources */,
				D46D3AE9166D1ABC000BB30B /* Main.storyboard in Resources */,
				D46D3AED166D1B7C000BB30B /* login_button.png in Resources */,
				D46D3AEE166D1B7C000BB30B /* login_input_bg.png in Resources */,
				D46D3AF6166D2498000BB30B /* ButtonMenu.png in Resources */,
				D46D3AF8166D24A4000BB30B /* ButtonMenu@2x.png in Resources */,
				D45E0E11166E7D08003CDFD7 /* total-background.png in Resources */,
				D4AD233816708F3B00F21E96 /* eRacun.png in Resources */,
				D4AD233916708F3B00F21E96 /* eRacun@2x.png in Resources */,
				D4AD234016708FEB00F21E96 /* cell_bg.png in Resources */,
				D4AD234116708FEB00F21E96 /* total_bg.png in Resources */,
				D4AD234316709AA200F21E96 /* nav_bg.png in Resources */,
				D4AD234B1671004000F21E96 /* gear.png in Resources */,
				D4AD234C1671004000F21E96 /* gear@2x.png in Resources */,
			);
			runOnlyForDeploymentPostprocessing = 0;
		};
/* End PBXResourcesBuildPhase section */

/* Begin PBXShellScriptBuildPhase section */
		5871E9A808CD4AA09A7E57F5 /* Copy Pods Resources */ = {
			isa = PBXShellScriptBuildPhase;
			buildActionMask = 2147483647;
			files = (
			);
			inputPaths = (
			);
			name = "Copy Pods Resources";
			outputPaths = (
			);
			runOnlyForDeploymentPostprocessing = 0;
			shellPath = /bin/sh;
			shellScript = "\"${SRCROOT}/Pods/Pods-resources.sh\"\n";
		};
/* End PBXShellScriptBuildPhase section */

/* Begin PBXSourcesBuildPhase section */
		D46D3A99166CF606000BB30B /* Sources */ = {
			isa = PBXSourcesBuildPhase;
			buildActionMask = 2147483647;
			files = (
				D46D3AB0166CF606000BB30B /* main.m in Sources */,
				D46D3AB4166CF606000BB30B /* MIAppDelegate.m in Sources */,
				D46D3ABD166CF606000BB30B /* eRacun.xcdatamodeld in Sources */,
				D46D3AF1166D1C4D000BB30B /* MILoginViewController.m in Sources */,
				D46D3AF4166D23B1000BB30B /* MIMainViewController.m in Sources */,
				D46D3AFE166D2A3C000BB30B /* MIInitialViewController.m in Sources */,
				D4AD232F1670653F00F21E96 /* Bill.m in Sources */,
				D4AD23321670653F00F21E96 /* BillItem.m in Sources */,
				D4AD23351670653F00F21E96 /* Product.m in Sources */,
				D4AD234F1671032000F21E96 /* MISettingsViewController.m in Sources */,
			);
			runOnlyForDeploymentPostprocessing = 0;
		};
/* End PBXSourcesBuildPhase section */

/* Begin PBXVariantGroup section */
		D46D3AAC166CF606000BB30B /* InfoPlist.strings */ = {
			isa = PBXVariantGroup;
			children = (
				D46D3AAD166CF606000BB30B /* en */,
			);
			name = InfoPlist.strings;
			sourceTree = "<group>";
		};
		D46D3AE7166D1ABC000BB30B /* Main.storyboard */ = {
			isa = PBXVariantGroup;
			children = (
				D46D3AE8166D1ABC000BB30B /* en */,
			);
			name = Main.storyboard;
			sourceTree = "<group>";
		};
/* End PBXVariantGroup section */

/* Begin XCBuildConfiguration section */
		D46D3ABE166CF606000BB30B /* Debug */ = {
			isa = XCBuildConfiguration;
			buildSettings = {
				ALWAYS_SEARCH_USER_PATHS = NO;
				CLANG_CXX_LANGUAGE_STANDARD = "gnu++0x";
				CLANG_CXX_LIBRARY = "libc++";
				CLANG_ENABLE_OBJC_ARC = YES;
				CLANG_WARN_EMPTY_BODY = YES;
				CLANG_WARN__DUPLICATE_METHOD_MATCH = YES;
				"CODE_SIGN_IDENTITY[sdk=iphoneos*]" = "iPhone Developer";
				COPY_PHASE_STRIP = NO;
				GCC_C_LANGUAGE_STANDARD = gnu99;
				GCC_DYNAMIC_NO_PIC = NO;
				GCC_OPTIMIZATION_LEVEL = 0;
				GCC_PREPROCESSOR_DEFINITIONS = (
					"DEBUG=1",
					"$(inherited)",
				);
				GCC_SYMBOLS_PRIVATE_EXTERN = NO;
				GCC_WARN_ABOUT_RETURN_TYPE = YES;
				GCC_WARN_UNINITIALIZED_AUTOS = YES;
				GCC_WARN_UNUSED_VARIABLE = YES;
				IPHONEOS_DEPLOYMENT_TARGET = 6.0;
				ONLY_ACTIVE_ARCH = YES;
				SDKROOT = iphoneos;
			};
			name = Debug;
		};
		D46D3ABF166CF606000BB30B /* Release */ = {
			isa = XCBuildConfiguration;
			buildSettings = {
				ALWAYS_SEARCH_USER_PATHS = NO;
				CLANG_CXX_LANGUAGE_STANDARD = "gnu++0x";
				CLANG_CXX_LIBRARY = "libc++";
				CLANG_ENABLE_OBJC_ARC = YES;
				CLANG_WARN_EMPTY_BODY = YES;
				CLANG_WARN__DUPLICATE_METHOD_MATCH = YES;
				"CODE_SIGN_IDENTITY[sdk=iphoneos*]" = "iPhone Developer";
				COPY_PHASE_STRIP = YES;
				GCC_C_LANGUAGE_STANDARD = gnu99;
				GCC_WARN_ABOUT_RETURN_TYPE = YES;
				GCC_WARN_UNINITIALIZED_AUTOS = YES;
				GCC_WARN_UNUSED_VARIABLE = YES;
				IPHONEOS_DEPLOYMENT_TARGET = 6.0;
				OTHER_CFLAGS = "-DNS_BLOCK_ASSERTIONS=1";
				SDKROOT = iphoneos;
				VALIDATE_PRODUCT = YES;
			};
			name = Release;
		};
		D46D3AC1166CF606000BB30B /* Debug */ = {
			isa = XCBuildConfiguration;
			baseConfigurationReference = 216F4CC40EF5419DA3CACF90 /* Pods.xcconfig */;
			buildSettings = {
				GCC_PRECOMPILE_PREFIX_HEADER = YES;
				GCC_PREFIX_HEADER = "eRacun/eRacun-Prefix.pch";
				INFOPLIST_FILE = "eRacun/eRacun-Info.plist";
				PRODUCT_NAME = "$(TARGET_NAME)";
				WRAPPER_EXTENSION = app;
			};
			name = Debug;
		};
		D46D3AC2166CF606000BB30B /* Release */ = {
			isa = XCBuildConfiguration;
			baseConfigurationReference = 216F4CC40EF5419DA3CACF90 /* Pods.xcconfig */;
			buildSettings = {
				GCC_PRECOMPILE_PREFIX_HEADER = YES;
				GCC_PREFIX_HEADER = "eRacun/eRacun-Prefix.pch";
				INFOPLIST_FILE = "eRacun/eRacun-Info.plist";
				PRODUCT_NAME = "$(TARGET_NAME)";
				WRAPPER_EXTENSION = app;
			};
			name = Release;
		};
/* End XCBuildConfiguration section */

/* Begin XCConfigurationList section */
		D46D3A97166CF606000BB30B /* Build configuration list for PBXProject "eRacun" */ = {
			isa = XCConfigurationList;
			buildConfigurations = (
				D46D3ABE166CF606000BB30B /* Debug */,
				D46D3ABF166CF606000BB30B /* Release */,
			);
			defaultConfigurationIsVisible = 0;
			defaultConfigurationName = Release;
		};
		D46D3AC0166CF606000BB30B /* Build configuration list for PBXNativeTarget "eRacun" */ = {
			isa = XCConfigurationList;
			buildConfigurations = (
				D46D3AC1166CF606000BB30B /* Debug */,
				D46D3AC2166CF606000BB30B /* Release */,
			);
			defaultConfigurationIsVisible = 0;
			defaultConfigurationName = Release;
		};
/* End XCConfigurationList section */

/* Begin XCVersionGroup section */
		D46D3ABB166CF606000BB30B /* eRacun.xcdatamodeld */ = {
			isa = XCVersionGroup;
			children = (
				D46D3ABC166CF606000BB30B /* eRacun.xcdatamodel */,
			);
			currentVersion = D46D3ABC166CF606000BB30B /* eRacun.xcdatamodel */;
			path = eRacun.xcdatamodeld;
			sourceTree = "<group>";
			versionGroupType = wrapper.xcdatamodel;
		};
/* End XCVersionGroup section */
	};
	rootObject = D46D3A94166CF606000BB30B /* Project object */;
}
