// !$*UTF8*$!
{
	archiveVersion = 1;
	classes = {
	};
	objectVersion = 46;
	objects = {

/* Begin PBXBuildFile section */
		D46D3AA2166CF606000BB30B /* UIKit.framework in Frameworks */ = {isa = PBXBuildFile; fileRef = D46D3AA1166CF606000BB30B /* UIKit.framework */; };
		D46D3AA4166CF606000BB30B /* Foundation.framework in Frameworks */ = {isa = PBXBuildFile; fileRef = D46D3AA3166CF606000BB30B /* Foundation.framework */; };
		D46D3AA6166CF606000BB30B /* CoreGraphics.framework in Frameworks */ = {isa = PBXBuildFile; fileRef = D46D3AA5166CF606000BB30B /* CoreGraphics.framework */; };
		D46D3AA8166CF606000BB30B /* CoreData.framework in Frameworks */ = {isa = PBXBuildFile; fileRef = D46D3AA7166CF606000BB30B /* CoreData.framework */; };
		D46D3AAE166CF606000BB30B /* InfoPlist.strings in Resources */ = {isa = PBXBuildFile; fileRef = D46D3AAC166CF606000BB30B /* InfoPlist.strings */; };
		D46D3AB0166CF606000BB30B /* main.m in Sources */ = {isa = PBXBuildFile; fileRef = D46D3AAF166CF606000BB30B /* main.m */; };
		D46D3AB4166CF606000BB30B /* MIAppDelegate.m in Sources */ = {isa = PBXBuildFile; fileRef = D46D3AB3166CF606000BB30B /* MIAppDelegate.m */; };
		D46D3ABD166CF606000BB30B /* Tina.xcdatamodeld in Sources */ = {isa = PBXBuildFile; fileRef = D46D3ABB166CF606000BB30B /* Tina.xcdatamodeld */; };
		D46D3ACF166CFD90000BB30B /* QuartzCore.framework in Frameworks */ = {isa = PBXBuildFile; fileRef = D46D3ACE166CFD90000BB30B /* QuartzCore.framework */; };
		D46D3AE9166D1ABC000BB30B /* Main.storyboard in Resources */ = {isa = PBXBuildFile; fileRef = D46D3AE7166D1ABC000BB30B /* Main.storyboard */; };
		D46D3AED166D1B7C000BB30B /* login_button.png in Resources */ = {isa = PBXBuildFile; fileRef = D46D3AEB166D1B7C000BB30B /* login_button.png */; };
		D46D3AEE166D1B7C000BB30B /* login_input_bg.png in Resources */ = {isa = PBXBuildFile; fileRef = D46D3AEC166D1B7C000BB30B /* login_input_bg.png */; };
		D46D3AF1166D1C4D000BB30B /* MILoginViewController.m in Sources */ = {isa = PBXBuildFile; fileRef = D46D3AF0166D1C4D000BB30B /* MILoginViewController.m */; };
		D46D3AF4166D23B1000BB30B /* MIMainViewController.m in Sources */ = {isa = PBXBuildFile; fileRef = D46D3AF3166D23B1000BB30B /* MIMainViewController.m */; };
		D46D3AF6166D2498000BB30B /* ButtonMenu.png in Resources */ = {isa = PBXBuildFile; fileRef = D46D3AF5166D2498000BB30B /* ButtonMenu.png */; };
		D46D3AF8166D24A4000BB30B /* ButtonMenu@2x.png in Resources */ = {isa = PBXBuildFile; fileRef = D46D3AF7166D24A4000BB30B /* ButtonMenu@2x.png */; };
		D46E41E11681C40F005614D1 /* logo.png in Resources */ = {isa = PBXBuildFile; fileRef = D46E41DF1681C40F005614D1 /* logo.png */; };
		D46E41E21681C40F005614D1 /* logo@2x.png in Resources */ = {isa = PBXBuildFile; fileRef = D46E41E01681C40F005614D1 /* logo@2x.png */; };
		D46E41E61681CE2C005614D1 /* MILoginSettiingsViewController.m in Sources */ = {isa = PBXBuildFile; fileRef = D46E41E51681CE2C005614D1 /* MILoginSettiingsViewController.m */; };
		D46E41E91681F4AE005614D1 /* Account.m in Sources */ = {isa = PBXBuildFile; fileRef = D46E41E81681F4AE005614D1 /* Account.m */; };
		D46E41EC168206A0005614D1 /* MIHelper.m in Sources */ = {isa = PBXBuildFile; fileRef = D46E41EB168206A0005614D1 /* MIHelper.m */; };
		D47A37BF1678904C003743E1 /* delete.png in Resources */ = {isa = PBXBuildFile; fileRef = D47A37BE1678904C003743E1 /* delete.png */; };
		D47A37C71678B9A5003743E1 /* Localizable.strings in Resources */ = {isa = PBXBuildFile; fileRef = D47A37C51678B9A5003743E1 /* Localizable.strings */; };
		D4846AE01679629F0038C085 /* Tina.png in Resources */ = {isa = PBXBuildFile; fileRef = D4AD233A16708FBA00F21E96 /* Tina.png */; };
		D4846AE61679639B0038C085 /* Default.png in Resources */ = {isa = PBXBuildFile; fileRef = D4846AE51679639B0038C085 /* Default.png */; };
		D4846AE8167963AA0038C085 /* Default-568h@2x.png in Resources */ = {isa = PBXBuildFile; fileRef = D4846AE7167963AA0038C085 /* Default-568h@2x.png */; };
		D4846AE9167963F40038C085 /* Tina@2x.png in Resources */ = {isa = PBXBuildFile; fileRef = D4AD233C16708FC400F21E96 /* Tina@2x.png */; };
		D4846AEF167967C50038C085 /* Default@2x.png in Resources */ = {isa = PBXBuildFile; fileRef = D4846AEE167967C50038C085 /* Default@2x.png */; };
		D489FA1516795B8A00A5E8D1 /* delete@2x.png in Resources */ = {isa = PBXBuildFile; fileRef = D489FA1416795B8A00A5E8D1 /* delete@2x.png */; };
		D489FA1816795D8200A5E8D1 /* login_input_bg@2x.png in Resources */ = {isa = PBXBuildFile; fileRef = D489FA1716795D8200A5E8D1 /* login_input_bg@2x.png */; };
		D489FA1A16795DB600A5E8D1 /* login_button@2x.png in Resources */ = {isa = PBXBuildFile; fileRef = D489FA1916795DB600A5E8D1 /* login_button@2x.png */; };
		D489FA1C16795E4000A5E8D1 /* nav_bg@2x.png in Resources */ = {isa = PBXBuildFile; fileRef = D489FA1B16795E4000A5E8D1 /* nav_bg@2x.png */; };
		D489FA1E16795EB400A5E8D1 /* total_bg@2x.png in Resources */ = {isa = PBXBuildFile; fileRef = D489FA1D16795EB400A5E8D1 /* total_bg@2x.png */; };
		D489FA2016795F4100A5E8D1 /* cell_bg@2x.png in Resources */ = {isa = PBXBuildFile; fileRef = D489FA1F16795F4100A5E8D1 /* cell_bg@2x.png */; };
		D4937E8A168216A200AA41B1 /* MIRestJSON.m in Sources */ = {isa = PBXBuildFile; fileRef = D4937E89168216A200AA41B1 /* MIRestJSON.m */; };
		D4AD232F1670653F00F21E96 /* Invoice.m in Sources */ = {isa = PBXBuildFile; fileRef = D4AD232E1670653F00F21E96 /* Invoice.m */; };
		D4AD23321670653F00F21E96 /* InvoiceItem.m in Sources */ = {isa = PBXBuildFile; fileRef = D4AD23311670653F00F21E96 /* InvoiceItem.m */; };
		D4AD23351670653F00F21E96 /* Product.m in Sources */ = {isa = PBXBuildFile; fileRef = D4AD23341670653F00F21E96 /* Product.m */; };
		D4AD234016708FEB00F21E96 /* cell_bg.png in Resources */ = {isa = PBXBuildFile; fileRef = D4AD233E16708FEB00F21E96 /* cell_bg.png */; };
		D4AD234116708FEB00F21E96 /* total_bg.png in Resources */ = {isa = PBXBuildFile; fileRef = D4AD233F16708FEB00F21E96 /* total_bg.png */; };
		D4AD234316709AA200F21E96 /* nav_bg.png in Resources */ = {isa = PBXBuildFile; fileRef = D4AD234216709AA200F21E96 /* nav_bg.png */; };
		D4AD234B1671004000F21E96 /* gear.png in Resources */ = {isa = PBXBuildFile; fileRef = D4AD23491671004000F21E96 /* gear.png */; };
		D4AD234C1671004000F21E96 /* gear@2x.png in Resources */ = {isa = PBXBuildFile; fileRef = D4AD234A1671004000F21E96 /* gear@2x.png */; };
		D4AD234F1671032000F21E96 /* MISettingsViewController.m in Sources */ = {isa = PBXBuildFile; fileRef = D4AD234E1671032000F21E96 /* MISettingsViewController.m */; };
		D4FCA87B1682708600D3751D /* MIStoryboardSegueNoAnim.m in Sources */ = {isa = PBXBuildFile; fileRef = D4FCA87A1682708600D3751D /* MIStoryboardSegueNoAnim.m */; };
		D4FCA883168291B200D3751D /* MIQuery.m in Sources */ = {isa = PBXBuildFile; fileRef = D4FCA882168291B200D3751D /* MIQuery.m */; };
/* End PBXBuildFile section */

/* Begin PBXFileReference section */
		D46D3A9D166CF606000BB30B /* Tina.app */ = {isa = PBXFileReference; explicitFileType = wrapper.application; includeInIndex = 0; path = Tina.app; sourceTree = BUILT_PRODUCTS_DIR; };
		D46D3AA1166CF606000BB30B /* UIKit.framework */ = {isa = PBXFileReference; lastKnownFileType = wrapper.framework; name = UIKit.framework; path = System/Library/Frameworks/UIKit.framework; sourceTree = SDKROOT; };
		D46D3AA3166CF606000BB30B /* Foundation.framework */ = {isa = PBXFileReference; lastKnownFileType = wrapper.framework; name = Foundation.framework; path = System/Library/Frameworks/Foundation.framework; sourceTree = SDKROOT; };
		D46D3AA5166CF606000BB30B /* CoreGraphics.framework */ = {isa = PBXFileReference; lastKnownFileType = wrapper.framework; name = CoreGraphics.framework; path = System/Library/Frameworks/CoreGraphics.framework; sourceTree = SDKROOT; };
		D46D3AA7166CF606000BB30B /* CoreData.framework */ = {isa = PBXFileReference; lastKnownFileType = wrapper.framework; name = CoreData.framework; path = System/Library/Frameworks/CoreData.framework; sourceTree = SDKROOT; };
		D46D3AAB166CF606000BB30B /* Tina-Info.plist */ = {isa = PBXFileReference; lastKnownFileType = text.plist.xml; path = "Tina-Info.plist"; sourceTree = "<group>"; };
		D46D3AAD166CF606000BB30B /* en */ = {isa = PBXFileReference; lastKnownFileType = text.plist.strings; name = en; path = en.lproj/InfoPlist.strings; sourceTree = "<group>"; };
		D46D3AAF166CF606000BB30B /* main.m */ = {isa = PBXFileReference; lastKnownFileType = sourcecode.c.objc; path = main.m; sourceTree = "<group>"; };
		D46D3AB1166CF606000BB30B /* Tina-Prefix.pch */ = {isa = PBXFileReference; lastKnownFileType = sourcecode.c.h; path = "Tina-Prefix.pch"; sourceTree = "<group>"; };
		D46D3AB2166CF606000BB30B /* MIAppDelegate.h */ = {isa = PBXFileReference; lastKnownFileType = sourcecode.c.h; path = MIAppDelegate.h; sourceTree = "<group>"; };
		D46D3AB3166CF606000BB30B /* MIAppDelegate.m */ = {isa = PBXFileReference; lastKnownFileType = sourcecode.c.objc; path = MIAppDelegate.m; sourceTree = "<group>"; };
		D46D3ABC166CF606000BB30B /* Tina.xcdatamodel */ = {isa = PBXFileReference; lastKnownFileType = wrapper.xcdatamodel; path = Tina.xcdatamodel; sourceTree = "<group>"; };
		D46D3ACE166CFD90000BB30B /* QuartzCore.framework */ = {isa = PBXFileReference; lastKnownFileType = wrapper.framework; name = QuartzCore.framework; path = System/Library/Frameworks/QuartzCore.framework; sourceTree = SDKROOT; };
		D46D3AEB166D1B7C000BB30B /* login_button.png */ = {isa = PBXFileReference; lastKnownFileType = image.png; path = login_button.png; sourceTree = "<group>"; };
		D46D3AEC166D1B7C000BB30B /* login_input_bg.png */ = {isa = PBXFileReference; lastKnownFileType = image.png; path = login_input_bg.png; sourceTree = "<group>"; };
		D46D3AEF166D1C4D000BB30B /* MILoginViewController.h */ = {isa = PBXFileReference; fileEncoding = 4; lastKnownFileType = sourcecode.c.h; path = MILoginViewController.h; sourceTree = "<group>"; };
		D46D3AF0166D1C4D000BB30B /* MILoginViewController.m */ = {isa = PBXFileReference; fileEncoding = 4; lastKnownFileType = sourcecode.c.objc; path = MILoginViewController.m; sourceTree = "<group>"; };
		D46D3AF2166D23B1000BB30B /* MIMainViewController.h */ = {isa = PBXFileReference; fileEncoding = 4; lastKnownFileType = sourcecode.c.h; path = MIMainViewController.h; sourceTree = "<group>"; };
		D46D3AF3166D23B1000BB30B /* MIMainViewController.m */ = {isa = PBXFileReference; fileEncoding = 4; lastKnownFileType = sourcecode.c.objc; path = MIMainViewController.m; sourceTree = "<group>"; };
		D46D3AF5166D2498000BB30B /* ButtonMenu.png */ = {isa = PBXFileReference; lastKnownFileType = image.png; path = ButtonMenu.png; sourceTree = "<group>"; };
		D46D3AF7166D24A4000BB30B /* ButtonMenu@2x.png */ = {isa = PBXFileReference; lastKnownFileType = image.png; path = "ButtonMenu@2x.png"; sourceTree = "<group>"; };
		D46E41DF1681C40F005614D1 /* logo.png */ = {isa = PBXFileReference; lastKnownFileType = image.png; path = logo.png; sourceTree = "<group>"; };
		D46E41E01681C40F005614D1 /* logo@2x.png */ = {isa = PBXFileReference; lastKnownFileType = image.png; path = "logo@2x.png"; sourceTree = "<group>"; };
		D46E41E41681CE2C005614D1 /* MILoginSettiingsViewController.h */ = {isa = PBXFileReference; fileEncoding = 4; lastKnownFileType = sourcecode.c.h; path = MILoginSettiingsViewController.h; sourceTree = "<group>"; };
		D46E41E51681CE2C005614D1 /* MILoginSettiingsViewController.m */ = {isa = PBXFileReference; fileEncoding = 4; lastKnownFileType = sourcecode.c.objc; path = MILoginSettiingsViewController.m; sourceTree = "<group>"; };
		D46E41E71681F4AE005614D1 /* Account.h */ = {isa = PBXFileReference; fileEncoding = 4; lastKnownFileType = sourcecode.c.h; path = Account.h; sourceTree = "<group>"; };
		D46E41E81681F4AE005614D1 /* Account.m */ = {isa = PBXFileReference; fileEncoding = 4; lastKnownFileType = sourcecode.c.objc; path = Account.m; sourceTree = "<group>"; };
		D46E41EA1682069F005614D1 /* MIHelper.h */ = {isa = PBXFileReference; fileEncoding = 4; lastKnownFileType = sourcecode.c.h; path = MIHelper.h; sourceTree = "<group>"; };
		D46E41EB168206A0005614D1 /* MIHelper.m */ = {isa = PBXFileReference; fileEncoding = 4; lastKnownFileType = sourcecode.c.objc; path = MIHelper.m; sourceTree = "<group>"; };
		D47A37BE1678904C003743E1 /* delete.png */ = {isa = PBXFileReference; lastKnownFileType = image.png; path = delete.png; sourceTree = "<group>"; };
		D47A37C01678A452003743E1 /* Base */ = {isa = PBXFileReference; lastKnownFileType = file.storyboard; name = Base; path = Base.lproj/Main.storyboard; sourceTree = "<group>"; };
		D47A37C11678A486003743E1 /* hr */ = {isa = PBXFileReference; lastKnownFileType = file.storyboard; name = hr; path = hr.lproj/Main.storyboard; sourceTree = "<group>"; };
		D47A37C21678A487003743E1 /* hr */ = {isa = PBXFileReference; lastKnownFileType = text.plist.strings; name = hr; path = hr.lproj/InfoPlist.strings; sourceTree = "<group>"; };
		D47A37C61678B9A5003743E1 /* Base */ = {isa = PBXFileReference; lastKnownFileType = text.plist.strings; name = Base; path = Base.lproj/Localizable.strings; sourceTree = "<group>"; };
		D47A37CC1678BDE8003743E1 /* hr */ = {isa = PBXFileReference; lastKnownFileType = text.plist.strings; name = hr; path = hr.lproj/Localizable.strings; sourceTree = "<group>"; };
		D4846AE51679639B0038C085 /* Default.png */ = {isa = PBXFileReference; lastKnownFileType = image.png; path = Default.png; sourceTree = "<group>"; };
		D4846AE7167963AA0038C085 /* Default-568h@2x.png */ = {isa = PBXFileReference; lastKnownFileType = image.png; path = "Default-568h@2x.png"; sourceTree = "<group>"; };
		D4846AEE167967C50038C085 /* Default@2x.png */ = {isa = PBXFileReference; lastKnownFileType = image.png; path = "Default@2x.png"; sourceTree = "<group>"; };
		D489FA1416795B8A00A5E8D1 /* delete@2x.png */ = {isa = PBXFileReference; lastKnownFileType = image.png; path = "delete@2x.png"; sourceTree = "<group>"; };
		D489FA1716795D8200A5E8D1 /* login_input_bg@2x.png */ = {isa = PBXFileReference; lastKnownFileType = image.png; path = "login_input_bg@2x.png"; sourceTree = "<group>"; };
		D489FA1916795DB600A5E8D1 /* login_button@2x.png */ = {isa = PBXFileReference; lastKnownFileType = image.png; path = "login_button@2x.png"; sourceTree = "<group>"; };
		D489FA1B16795E4000A5E8D1 /* nav_bg@2x.png */ = {isa = PBXFileReference; lastKnownFileType = image.png; path = "nav_bg@2x.png"; sourceTree = "<group>"; };
		D489FA1D16795EB400A5E8D1 /* total_bg@2x.png */ = {isa = PBXFileReference; lastKnownFileType = image.png; path = "total_bg@2x.png"; sourceTree = "<group>"; };
		D489FA1F16795F4100A5E8D1 /* cell_bg@2x.png */ = {isa = PBXFileReference; lastKnownFileType = image.png; path = "cell_bg@2x.png"; sourceTree = "<group>"; };
		D4937E88168216A200AA41B1 /* MIRestJSON.h */ = {isa = PBXFileReference; fileEncoding = 4; lastKnownFileType = sourcecode.c.h; path = MIRestJSON.h; sourceTree = "<group>"; };
		D4937E89168216A200AA41B1 /* MIRestJSON.m */ = {isa = PBXFileReference; fileEncoding = 4; lastKnownFileType = sourcecode.c.objc; path = MIRestJSON.m; sourceTree = "<group>"; };
		D4AD232D1670653F00F21E96 /* Invoice.h */ = {isa = PBXFileReference; fileEncoding = 4; lastKnownFileType = sourcecode.c.h; path = Invoice.h; sourceTree = "<group>"; };
		D4AD232E1670653F00F21E96 /* Invoice.m */ = {isa = PBXFileReference; fileEncoding = 4; lastKnownFileType = sourcecode.c.objc; path = Invoice.m; sourceTree = "<group>"; };
		D4AD23301670653F00F21E96 /* InvoiceItem.h */ = {isa = PBXFileReference; fileEncoding = 4; lastKnownFileType = sourcecode.c.h; path = InvoiceItem.h; sourceTree = "<group>"; };
		D4AD23311670653F00F21E96 /* InvoiceItem.m */ = {isa = PBXFileReference; fileEncoding = 4; lastKnownFileType = sourcecode.c.objc; path = InvoiceItem.m; sourceTree = "<group>"; };
		D4AD23331670653F00F21E96 /* Product.h */ = {isa = PBXFileReference; fileEncoding = 4; lastKnownFileType = sourcecode.c.h; path = Product.h; sourceTree = "<group>"; };
		D4AD23341670653F00F21E96 /* Product.m */ = {isa = PBXFileReference; fileEncoding = 4; lastKnownFileType = sourcecode.c.objc; path = Product.m; sourceTree = "<group>"; };
		D4AD233A16708FBA00F21E96 /* Tina.png */ = {isa = PBXFileReference; lastKnownFileType = image.png; path = Tina.png; sourceTree = "<group>"; };
		D4AD233C16708FC400F21E96 /* Tina@2x.png */ = {isa = PBXFileReference; lastKnownFileType = image.png; path = "Tina@2x.png"; sourceTree = "<group>"; };
		D4AD233E16708FEB00F21E96 /* cell_bg.png */ = {isa = PBXFileReference; lastKnownFileType = image.png; path = cell_bg.png; sourceTree = "<group>"; };
		D4AD233F16708FEB00F21E96 /* total_bg.png */ = {isa = PBXFileReference; lastKnownFileType = image.png; path = total_bg.png; sourceTree = "<group>"; };
		D4AD234216709AA200F21E96 /* nav_bg.png */ = {isa = PBXFileReference; lastKnownFileType = image.png; path = nav_bg.png; sourceTree = "<group>"; };
		D4AD23491671004000F21E96 /* gear.png */ = {isa = PBXFileReference; lastKnownFileType = image.png; path = gear.png; sourceTree = "<group>"; };
		D4AD234A1671004000F21E96 /* gear@2x.png */ = {isa = PBXFileReference; lastKnownFileType = image.png; path = "gear@2x.png"; sourceTree = "<group>"; };
		D4AD234D1671032000F21E96 /* MISettingsViewController.h */ = {isa = PBXFileReference; fileEncoding = 4; lastKnownFileType = sourcecode.c.h; path = MISettingsViewController.h; sourceTree = "<group>"; };
		D4AD234E1671032000F21E96 /* MISettingsViewController.m */ = {isa = PBXFileReference; fileEncoding = 4; lastKnownFileType = sourcecode.c.objc; path = MISettingsViewController.m; sourceTree = "<group>"; };
		D4FCA8791682708600D3751D /* MIStoryboardSegueNoAnim.h */ = {isa = PBXFileReference; fileEncoding = 4; lastKnownFileType = sourcecode.c.h; path = MIStoryboardSegueNoAnim.h; sourceTree = "<group>"; };
		D4FCA87A1682708600D3751D /* MIStoryboardSegueNoAnim.m */ = {isa = PBXFileReference; fileEncoding = 4; lastKnownFileType = sourcecode.c.objc; path = MIStoryboardSegueNoAnim.m; sourceTree = "<group>"; };
		D4FCA881168291B200D3751D /* MIQuery.h */ = {isa = PBXFileReference; fileEncoding = 4; lastKnownFileType = sourcecode.c.h; path = MIQuery.h; sourceTree = "<group>"; };
		D4FCA882168291B200D3751D /* MIQuery.m */ = {isa = PBXFileReference; fileEncoding = 4; lastKnownFileType = sourcecode.c.objc; path = MIQuery.m; sourceTree = "<group>"; };
/* End PBXFileReference section */

/* Begin PBXFrameworksBuildPhase section */
		D46D3A9A166CF606000BB30B /* Frameworks */ = {
			isa = PBXFrameworksBuildPhase;
			buildActionMask = 2147483647;
			files = (
				D46D3ACF166CFD90000BB30B /* QuartzCore.framework in Frameworks */,
				D46D3AA2166CF606000BB30B /* UIKit.framework in Frameworks */,
				D46D3AA4166CF606000BB30B /* Foundation.framework in Frameworks */,
				D46D3AA6166CF606000BB30B /* CoreGraphics.framework in Frameworks */,
				D46D3AA8166CF606000BB30B /* CoreData.framework in Frameworks */,
			);
			runOnlyForDeploymentPostprocessing = 0;
		};
/* End PBXFrameworksBuildPhase section */

/* Begin PBXGroup section */
		D46D3A92166CF606000BB30B = {
			isa = PBXGroup;
			children = (
				D4846AEE167967C50038C085 /* Default@2x.png */,
				D4846AE7167963AA0038C085 /* Default-568h@2x.png */,
				D4846AE51679639B0038C085 /* Default.png */,
				D4AD233C16708FC400F21E96 /* Tina@2x.png */,
				D4AD233A16708FBA00F21E96 /* Tina.png */,
				D46D3AA9166CF606000BB30B /* Tina */,
				D46D3AA0166CF606000BB30B /* Frameworks */,
				D46D3A9E166CF606000BB30B /* Products */,
			);
			sourceTree = "<group>";
			wrapsLines = 1;
		};
		D46D3A9E166CF606000BB30B /* Products */ = {
			isa = PBXGroup;
			children = (
				D46D3A9D166CF606000BB30B /* Tina.app */,
			);
			name = Products;
			sourceTree = "<group>";
		};
		D46D3AA0166CF606000BB30B /* Frameworks */ = {
			isa = PBXGroup;
			children = (
				D46D3ACE166CFD90000BB30B /* QuartzCore.framework */,
				D46D3AA1166CF606000BB30B /* UIKit.framework */,
				D46D3AA3166CF606000BB30B /* Foundation.framework */,
				D46D3AA5166CF606000BB30B /* CoreGraphics.framework */,
				D46D3AA7166CF606000BB30B /* CoreData.framework */,
			);
			name = Frameworks;
			sourceTree = "<group>";
		};
		D46D3AA9166CF606000BB30B /* Tina */ = {
			isa = PBXGroup;
			children = (
				D4FCA885168291D100D3751D /* Foundation */,
				D46D3ADA166CFEA7000BB30B /* View Controllers */,
				D46D3AB2166CF606000BB30B /* MIAppDelegate.h */,
				D46D3AB3166CF606000BB30B /* MIAppDelegate.m */,
				D46D3AD9166CFE93000BB30B /* Core Data */,
				D46D3AAA166CF606000BB30B /* Supporting Files */,
				D4FCA8791682708600D3751D /* MIStoryboardSegueNoAnim.h */,
				D4FCA87A1682708600D3751D /* MIStoryboardSegueNoAnim.m */,
			);
			name = Tina;
			path = Tina;
			sourceTree = "<group>";
		};
		D46D3AAA166CF606000BB30B /* Supporting Files */ = {
			isa = PBXGroup;
			children = (
				D46D3AE7166D1ABC000BB30B /* Main.storyboard */,
				D46D3AEA166D1B43000BB30B /* images */,
				D46D3AAB166CF606000BB30B /* Tina-Info.plist */,
				D47A37C51678B9A5003743E1 /* Localizable.strings */,
				D46D3AAC166CF606000BB30B /* InfoPlist.strings */,
				D46D3AAF166CF606000BB30B /* main.m */,
				D46D3AB1166CF606000BB30B /* Tina-Prefix.pch */,
			);
			name = "Supporting Files";
			sourceTree = "<group>";
		};
		D46D3AD9166CFE93000BB30B /* Core Data */ = {
			isa = PBXGroup;
			children = (
				D46D3ABB166CF606000BB30B /* Tina.xcdatamodeld */,
				D46E41E71681F4AE005614D1 /* Account.h */,
				D46E41E81681F4AE005614D1 /* Account.m */,
				D4AD23331670653F00F21E96 /* Product.h */,
				D4AD23341670653F00F21E96 /* Product.m */,
				D4AD23301670653F00F21E96 /* InvoiceItem.h */,
				D4AD23311670653F00F21E96 /* InvoiceItem.m */,
				D4AD232D1670653F00F21E96 /* Invoice.h */,
				D4AD232E1670653F00F21E96 /* Invoice.m */,
			);
			name = "Core Data";
			sourceTree = "<group>";
		};
		D46D3ADA166CFEA7000BB30B /* View Controllers */ = {
			isa = PBXGroup;
			children = (
				D46D3AEF166D1C4D000BB30B /* MILoginViewController.h */,
				D46D3AF0166D1C4D000BB30B /* MILoginViewController.m */,
				D46D3AF2166D23B1000BB30B /* MIMainViewController.h */,
				D46D3AF3166D23B1000BB30B /* MIMainViewController.m */,
				D4AD234D1671032000F21E96 /* MISettingsViewController.h */,
				D4AD234E1671032000F21E96 /* MISettingsViewController.m */,
				D46E41E41681CE2C005614D1 /* MILoginSettiingsViewController.h */,
				D46E41E51681CE2C005614D1 /* MILoginSettiingsViewController.m */,
			);
			name = "View Controllers";
			sourceTree = "<group>";
		};
		D46D3AEA166D1B43000BB30B /* images */ = {
			isa = PBXGroup;
			children = (
				D46D3AF5166D2498000BB30B /* ButtonMenu.png */,
				D46D3AF7166D24A4000BB30B /* ButtonMenu@2x.png */,
				D4AD233E16708FEB00F21E96 /* cell_bg.png */,
				D489FA1F16795F4100A5E8D1 /* cell_bg@2x.png */,
				D4AD234216709AA200F21E96 /* nav_bg.png */,
				D489FA1B16795E4000A5E8D1 /* nav_bg@2x.png */,
				D4AD23491671004000F21E96 /* gear.png */,
				D46E41DF1681C40F005614D1 /* logo.png */,
				D46E41E01681C40F005614D1 /* logo@2x.png */,
				D4AD234A1671004000F21E96 /* gear@2x.png */,
				D47A37BE1678904C003743E1 /* delete.png */,
				D489FA1416795B8A00A5E8D1 /* delete@2x.png */,
				D4AD233F16708FEB00F21E96 /* total_bg.png */,
				D489FA1D16795EB400A5E8D1 /* total_bg@2x.png */,
				D46D3AEB166D1B7C000BB30B /* login_button.png */,
				D489FA1916795DB600A5E8D1 /* login_button@2x.png */,
				D46D3AEC166D1B7C000BB30B /* login_input_bg.png */,
				D489FA1716795D8200A5E8D1 /* login_input_bg@2x.png */,
			);
			name = images;
			sourceTree = "<group>";
		};
		D4FCA885168291D100D3751D /* Foundation */ = {
			isa = PBXGroup;
			children = (
				D46E41EA1682069F005614D1 /* MIHelper.h */,
				D46E41EB168206A0005614D1 /* MIHelper.m */,
				D4937E88168216A200AA41B1 /* MIRestJSON.h */,
				D4937E89168216A200AA41B1 /* MIRestJSON.m */,
				D4FCA881168291B200D3751D /* MIQuery.h */,
				D4FCA882168291B200D3751D /* MIQuery.m */,
			);
			name = Foundation;
			sourceTree = "<group>";
		};
/* End PBXGroup section */

/* Begin PBXNativeTarget section */
		D46D3A9C166CF606000BB30B /* Tina */ = {
			isa = PBXNativeTarget;
			buildConfigurationList = D46D3AC0166CF606000BB30B /* Build configuration list for PBXNativeTarget "Tina" */;
			buildPhases = (
				D46D3A99166CF606000BB30B /* Sources */,
				D46D3A9A166CF606000BB30B /* Frameworks */,
				D46D3A9B166CF606000BB30B /* Resources */,
			);
			buildRules = (
			);
			dependencies = (
			);
			name = Tina;
			productName = Tina;
			productReference = D46D3A9D166CF606000BB30B /* Tina.app */;
			productType = "com.apple.product-type.application";
		};
/* End PBXNativeTarget section */

/* Begin PBXProject section */
		D46D3A94166CF606000BB30B /* Project object */ = {
			isa = PBXProject;
			attributes = {
				CLASSPREFIX = MI;
				LastUpgradeCheck = 0450;
				ORGANIZATIONNAME = Metaintellect;
			};
			buildConfigurationList = D46D3A97166CF606000BB30B /* Build configuration list for PBXProject "Tina" */;
			compatibilityVersion = "Xcode 3.2";
			developmentRegion = English;
			hasScannedForEncodings = 0;
			knownRegions = (
				en,
				Base,
				hr,
			);
			mainGroup = D46D3A92166CF606000BB30B;
			productRefGroup = D46D3A9E166CF606000BB30B /* Products */;
			projectDirPath = "";
			projectRoot = "";
			targets = (
				D46D3A9C166CF606000BB30B /* Tina */,
			);
		};
/* End PBXProject section */

/* Begin PBXResourcesBuildPhase section */
		D46D3A9B166CF606000BB30B /* Resources */ = {
			isa = PBXResourcesBuildPhase;
			buildActionMask = 2147483647;
			files = (
				D46D3AAE166CF606000BB30B /* InfoPlist.strings in Resources */,
				D46D3AE9166D1ABC000BB30B /* Main.storyboard in Resources */,
				D46D3AED166D1B7C000BB30B /* login_button.png in Resources */,
				D46D3AEE166D1B7C000BB30B /* login_input_bg.png in Resources */,
				D46D3AF6166D2498000BB30B /* ButtonMenu.png in Resources */,
				D46D3AF8166D24A4000BB30B /* ButtonMenu@2x.png in Resources */,
				D4AD234016708FEB00F21E96 /* cell_bg.png in Resources */,
				D4AD234116708FEB00F21E96 /* total_bg.png in Resources */,
				D4AD234316709AA200F21E96 /* nav_bg.png in Resources */,
				D4AD234B1671004000F21E96 /* gear.png in Resources */,
				D4AD234C1671004000F21E96 /* gear@2x.png in Resources */,
				D47A37BF1678904C003743E1 /* delete.png in Resources */,
				D47A37C71678B9A5003743E1 /* Localizable.strings in Resources */,
				D489FA1516795B8A00A5E8D1 /* delete@2x.png in Resources */,
				D489FA1816795D8200A5E8D1 /* login_input_bg@2x.png in Resources */,
				D489FA1A16795DB600A5E8D1 /* login_button@2x.png in Resources */,
				D489FA1C16795E4000A5E8D1 /* nav_bg@2x.png in Resources */,
				D489FA1E16795EB400A5E8D1 /* total_bg@2x.png in Resources */,
				D489FA2016795F4100A5E8D1 /* cell_bg@2x.png in Resources */,
				D4846AE01679629F0038C085 /* Tina.png in Resources */,
				D4846AE61679639B0038C085 /* Default.png in Resources */,
				D4846AE8167963AA0038C085 /* Default-568h@2x.png in Resources */,
				D4846AE9167963F40038C085 /* Tina@2x.png in Resources */,
				D4846AEF167967C50038C085 /* Default@2x.png in Resources */,
				D46E41E11681C40F005614D1 /* logo.png in Resources */,
				D46E41E21681C40F005614D1 /* logo@2x.png in Resources */,
			);
			runOnlyForDeploymentPostprocessing = 0;
		};
/* End PBXResourcesBuildPhase section */

/* Begin PBXSourcesBuildPhase section */
		D46D3A99166CF606000BB30B /* Sources */ = {
			isa = PBXSourcesBuildPhase;
			buildActionMask = 2147483647;
			files = (
				D46D3AB0166CF606000BB30B /* main.m in Sources */,
				D46D3AB4166CF606000BB30B /* MIAppDelegate.m in Sources */,
				D46D3ABD166CF606000BB30B /* Tina.xcdatamodeld in Sources */,
				D46D3AF1166D1C4D000BB30B /* MILoginViewController.m in Sources */,
				D46D3AF4166D23B1000BB30B /* MIMainViewController.m in Sources */,
				D4AD232F1670653F00F21E96 /* Invoice.m in Sources */,
				D4AD23321670653F00F21E96 /* InvoiceItem.m in Sources */,
				D4AD23351670653F00F21E96 /* Product.m in Sources */,
				D4AD234F1671032000F21E96 /* MISettingsViewController.m in Sources */,
				D46E41E61681CE2C005614D1 /* MILoginSettiingsViewController.m in Sources */,
				D46E41E91681F4AE005614D1 /* Account.m in Sources */,
				D46E41EC168206A0005614D1 /* MIHelper.m in Sources */,
				D4937E8A168216A200AA41B1 /* MIRestJSON.m in Sources */,
				D4FCA87B1682708600D3751D /* MIStoryboardSegueNoAnim.m in Sources */,
				D4FCA883168291B200D3751D /* MIQuery.m in Sources */,
			);
			runOnlyForDeploymentPostprocessing = 0;
		};
/* End PBXSourcesBuildPhase section */

/* Begin PBXVariantGroup section */
		D46D3AAC166CF606000BB30B /* InfoPlist.strings */ = {
			isa = PBXVariantGroup;
			children = (
				D46D3AAD166CF606000BB30B /* en */,
				D47A37C21678A487003743E1 /* hr */,
			);
			name = InfoPlist.strings;
			sourceTree = "<group>";
		};
		D46D3AE7166D1ABC000BB30B /* Main.storyboard */ = {
			isa = PBXVariantGroup;
			children = (
				D47A37C01678A452003743E1 /* Base */,
				D47A37C11678A486003743E1 /* hr */,
			);
			name = Main.storyboard;
			sourceTree = "<group>";
		};
		D47A37C51678B9A5003743E1 /* Localizable.strings */ = {
			isa = PBXVariantGroup;
			children = (
				D47A37C61678B9A5003743E1 /* Base */,
				D47A37CC1678BDE8003743E1 /* hr */,
			);
			name = Localizable.strings;
			sourceTree = "<group>";
		};
/* End PBXVariantGroup section */

/* Begin XCBuildConfiguration section */
		D46D3ABE166CF606000BB30B /* Debug */ = {
			isa = XCBuildConfiguration;
			buildSettings = {
				ALWAYS_SEARCH_USER_PATHS = NO;
				CLANG_CXX_LANGUAGE_STANDARD = "gnu++0x";
				CLANG_CXX_LIBRARY = "libc++";
				CLANG_ENABLE_OBJC_ARC = YES;
				CLANG_WARN_EMPTY_BODY = YES;
				CLANG_WARN__DUPLICATE_METHOD_MATCH = YES;
				"CODE_SIGN_IDENTITY[sdk=iphoneos*]" = "iPhone Developer";
				COPY_PHASE_STRIP = NO;
				GCC_C_LANGUAGE_STANDARD = gnu99;
				GCC_DYNAMIC_NO_PIC = NO;
				GCC_OPTIMIZATION_LEVEL = 0;
				GCC_PREPROCESSOR_DEFINITIONS = (
					"DEBUG=1",
					"$(inherited)",
				);
				GCC_SYMBOLS_PRIVATE_EXTERN = NO;
				GCC_WARN_ABOUT_RETURN_TYPE = YES;
				GCC_WARN_UNINITIALIZED_AUTOS = YES;
				GCC_WARN_UNUSED_VARIABLE = YES;
				IPHONEOS_DEPLOYMENT_TARGET = 6.0;
				ONLY_ACTIVE_ARCH = YES;
				SDKROOT = iphoneos;
			};
			name = Debug;
		};
		D46D3ABF166CF606000BB30B /* Release */ = {
			isa = XCBuildConfiguration;
			buildSettings = {
				ALWAYS_SEARCH_USER_PATHS = NO;
				CLANG_CXX_LANGUAGE_STANDARD = "gnu++0x";
				CLANG_CXX_LIBRARY = "libc++";
				CLANG_ENABLE_OBJC_ARC = YES;
				CLANG_WARN_EMPTY_BODY = YES;
				CLANG_WARN__DUPLICATE_METHOD_MATCH = YES;
				"CODE_SIGN_IDENTITY[sdk=iphoneos*]" = "iPhone Developer";
				COPY_PHASE_STRIP = YES;
				GCC_C_LANGUAGE_STANDARD = gnu99;
				GCC_WARN_ABOUT_RETURN_TYPE = YES;
				GCC_WARN_UNINITIALIZED_AUTOS = YES;
				GCC_WARN_UNUSED_VARIABLE = YES;
				IPHONEOS_DEPLOYMENT_TARGET = 6.0;
				OTHER_CFLAGS = "-DNS_BLOCK_ASSERTIONS=1";
				SDKROOT = iphoneos;
				VALIDATE_PRODUCT = YES;
			};
			name = Release;
		};
		D46D3AC1166CF606000BB30B /* Debug */ = {
			isa = XCBuildConfiguration;
			buildSettings = {
				GCC_PRECOMPILE_PREFIX_HEADER = YES;
				GCC_PREFIX_HEADER = "Tina/Tina-Prefix.pch";
				INFOPLIST_FILE = "Tina/Tina-Info.plist";
				PRODUCT_NAME = Tina;
				WRAPPER_EXTENSION = app;
			};
			name = Debug;
		};
		D46D3AC2166CF606000BB30B /* Release */ = {
			isa = XCBuildConfiguration;
			buildSettings = {
				GCC_PRECOMPILE_PREFIX_HEADER = YES;
				GCC_PREFIX_HEADER = "Tina/Tina-Prefix.pch";
				INFOPLIST_FILE = "Tina/Tina-Info.plist";
				PRODUCT_NAME = Tina;
				WRAPPER_EXTENSION = app;
			};
			name = Release;
		};
/* End XCBuildConfiguration section */

/* Begin XCConfigurationList section */
		D46D3A97166CF606000BB30B /* Build configuration list for PBXProject "Tina" */ = {
			isa = XCConfigurationList;
			buildConfigurations = (
				D46D3ABE166CF606000BB30B /* Debug */,
				D46D3ABF166CF606000BB30B /* Release */,
			);
			defaultConfigurationIsVisible = 0;
			defaultConfigurationName = Release;
		};
		D46D3AC0166CF606000BB30B /* Build configuration list for PBXNativeTarget "Tina" */ = {
			isa = XCConfigurationList;
			buildConfigurations = (
				D46D3AC1166CF606000BB30B /* Debug */,
				D46D3AC2166CF606000BB30B /* Release */,
			);
			defaultConfigurationIsVisible = 0;
			defaultConfigurationName = Release;
		};
/* End XCConfigurationList section */

/* Begin XCVersionGroup section */
		D46D3ABB166CF606000BB30B /* Tina.xcdatamodeld */ = {
			isa = XCVersionGroup;
			children = (
				D46D3ABC166CF606000BB30B /* Tina.xcdatamodel */,
			);
			currentVersion = D46D3ABC166CF606000BB30B /* Tina.xcdatamodel */;
			path = Tina.xcdatamodeld;
			sourceTree = "<group>";
			versionGroupType = wrapper.xcdatamodel;
		};
/* End XCVersionGroup section */
	};
	rootObject = D46D3A94166CF606000BB30B /* Project object */;
}
